
Microsoft Visual Studio Solution File, Format Version 12.00
# Visual Studio Version 17
VisualStudioVersion = 17.9.34622.214
MinimumVisualStudioVersion = 10.0.40219.1
Project("{FAE04EC0-301F-11D3-BF4B-00C04F79EFBC}") = "WebHub", "WebHub\WebHub.csproj", "{1B869438-7F64-49A8-9E97-BBF5E152E21D}"
EndProject
Global
	GlobalSection(SolutionConfigurationPlatforms) = preSolution
		Debug|Any CPU = Debug|Any CPU
		Release|Any CPU = Release|Any CPU
	EndGlobalSection
	GlobalSection(ProjectConfigurationPlatforms) = postSolution
		{1B869438-7F64-49A8-9E97-BBF5E152E21D}.Debug|Any CPU.ActiveCfg = Debug|Any CPU
		{1B869438-7F64-49A8-9E97-BBF5E152E21D}.Debug|Any CPU.Build.0 = Debug|Any CPU
		{1B869438-7F64-49A8-9E97-BBF5E152E21D}.Release|Any CPU.ActiveCfg = Release|Any CPU
		{1B869438-7F64-49A8-9E97-BBF5E152E21D}.Release|Any CPU.Build.0 = Release|Any CPU
	EndGlobalSection
	GlobalSection(SolutionProperties) = preSolution
		HideSolutionNode = FALSE
	EndGlobalSection
	GlobalSection(ExtensibilityGlobals) = postSolution
		SolutionGuid = {0488576F-F63F-4E07-8C6E-A8BFC00017C3}
	EndGlobalSection
EndGlobal
